{
  "version": 2,
  "dependencies": {
    "net10.0-windows10.0.19041": {
      "CommunityToolkit.WinUI.Behaviors": {
        "type": "Direct",
        "requested": "[8.2.251219, )",
        "resolved": "8.2.251219",
        "contentHash": "VpMJ5urCN9fiUbuWGlI9zjWzLR22+hWyhE0ExoV6Qy+hW0nh9ISMiTiQDC7BHYdaB3zRA3bXhbilNV270+eRkg==",
        "dependencies": {
          "CommunityToolkit.WinUI.Animations": "8.2.251219",
          "CommunityToolkit.WinUI.Extensions": "8.2.251219",
          "Microsoft.WindowsAppSDK": "1.6.250108002",
          "Microsoft.Xaml.Behaviors.WinUI.Managed": "3.0.0"
        }
      },
      "CommunityToolkit.WinUI.Controls.Primitives": {
        "type": "Direct",
        "requested": "[8.2.251219, )",
        "resolved": "8.2.251219",
        "contentHash": "80ebdM1RvzrgZW24wFi5P+in5uaLouuXVdo0+X9uBCsoohijC9JD5gX/XCx9CP6dfP0DK+n0tA39RTOEZWLZjw==",
        "dependencies": {
          "CommunityToolkit.WinUI.Extensions": "8.2.251219",
          "Microsoft.WindowsAppSDK": "1.6.250108002"
        }
      },
      "CommunityToolkit.WinUI.Controls.SettingsControls": {
        "type": "Direct",
        "requested": "[8.2.251219, )",
        "resolved": "8.2.251219",
        "contentHash": "BAuRi34AOBCYXK/obT9Fwzt9KtxhPrO67yNINXF6+Dit4sAiwtVgehN9y/dJHco96/zZiTX3yF85mBjRyw6AXQ==",
        "dependencies": {
          "CommunityToolkit.WinUI.Triggers": "8.2.251219",
          "Microsoft.WindowsAppSDK": "1.6.250108002"
        }
      },
      "CommunityToolkit.WinUI.Triggers": {
        "type": "Direct",
        "requested": "[8.2.251219, )",
        "resolved": "8.2.251219",
        "contentHash": "E1D5jZ93hI2VkDJjHFvVPdwWBYG7gubx/zw9mS3aOL60rhroGuy9Jq/WqzL+VNaKFzsXZ4CZ0ivjOP7/SLGxIg==",
        "dependencies": {
          "CommunityToolkit.WinUI.Helpers": "8.2.251219",
          "Microsoft.WindowsAppSDK": "1.6.250108002"
        }
      },
      "MessagePipe": {
        "type": "Direct",
        "requested": "[1.8.1, )",
        "resolved": "1.8.1",
        "contentHash": "64I7OIgKt+ITfD7XAyEiSQcN2izS6kFiipS/risls9NHNaOmonkumt7I2xmLawfFMqBPVSoa171EoDEaJVyJQg==",
        "dependencies": {
          "Microsoft.Extensions.DependencyInjection.Abstractions": "6.0.0"
        }
      },
      "MessagePipe.Analyzer": {
        "type": "Direct",
        "requested": "[1.8.1, )",
        "resolved": "1.8.1",
        "contentHash": "tora3fnkVkkiwuOGCHAmWDDjwdQIfEidxdK/h/3dsZ7ye/83Xc5/2+o+Y962AkWatPTG6un45kpuhHK8LryJRg=="
      },
      "Microsoft.CodeAnalysis.CSharp": {
        "type": "Direct",
        "requested": "[5.3.0, )",
        "resolved": "5.3.0",
        "contentHash": "SQFNGQF4f7UfDXKxMzzGNMr3fjrPDIjLfmRvvVgDCw+dyvEHDaRfHuKA5q0Pr0/JW0Gcw89TxrxrS/MjwBvluQ==",
        "dependencies": {
          "Microsoft.CodeAnalysis.Analyzers": "5.3.0-2.25625.1",
          "Microsoft.CodeAnalysis.Common": "[5.3.0]"
        }
      },
      "Microsoft.CodeAnalysis.CSharp.CodeStyle": {
        "type": "Direct",
        "requested": "[5.3.0, )",
        "resolved": "5.3.0",
        "contentHash": "VM6uR0nReUDiK3+Ku9DTFTcF9ZmlnpUDKs1UEme+MtcRYJntkLfxWCn4mp/UXJsRBp3izuu8YBPtRzGR1GV/mA=="
      },
      "Microsoft.Extensions.DependencyInjection.AutoActivation": {
        "type": "Direct",
        "requested": "[10.6.0, )",
        "resolved": "10.6.0",
        "contentHash": "FoX/prFoqjogPV1DleOnakFM9yzu8m4dK8Z0d9f8pPTf00PkEvd2Vulncijd/rykUX3aXERMMxsX6c/9QSAOaA==",
        "dependencies": {
          "Microsoft.Extensions.Hosting.Abstractions": "10.0.8"
        }
      },
      "Microsoft.Extensions.Hosting": {
        "type": "Direct",
        "requested": "[10.0.8, )",
        "resolved": "10.0.8",
        "contentHash": "VfEyM2BipThcSd0GG/FS2ZPCVCTiosVq2zLKEDsfeMIg78sOVZPEmS7CgWlb+dqTlgXvLSL4OG2q6sM4xRhHNg==",
        "dependencies": {
          "Microsoft.Extensions.Configuration": "10.0.8",
          "Microsoft.Extensions.Configuration.Abstractions": "10.0.8",
          "Microsoft.Extensions.Configuration.Binder": "10.0.8",
          "Microsoft.Extensions.Configuration.CommandLine": "10.0.8",
          "Microsoft.Extensions.Configuration.EnvironmentVariables": "10.0.8",
          "Microsoft.Extensions.Configuration.FileExtensions": "10.0.8",
          "Microsoft.Extensions.Configuration.Json": "10.0.8",
          "Microsoft.Extensions.Configuration.UserSecrets": "10.0.8",
          "Microsoft.Extensions.DependencyInjection": "10.0.8",
          "Microsoft.Extensions.DependencyInjection.Abstractions": "10.0.8",
          "Microsoft.Extensions.Diagnostics": "10.0.8",
          "Microsoft.Extensions.FileProviders.Abstractions": "10.0.8",
          "Microsoft.Extensions.FileProviders.Physical": "10.0.8",
          "Microsoft.Extensions.Hosting.Abstractions": "10.0.8",
          "Microsoft.Extensions.Logging": "10.0.8",
          "Microsoft.Extensions.Logging.Abstractions": "10.0.8",
          "Microsoft.Extensions.Logging.Configuration": "10.0.8",
          "Microsoft.Extensions.Logging.Console": "10.0.8",
          "Microsoft.Extensions.Logging.Debug": "10.0.8",
          "Microsoft.Extensions.Logging.EventLog": "10.0.8",
          "Microsoft.Extensions.Logging.EventSource": "10.0.8",
          "Microsoft.Extensions.Options": "10.0.8"
        }
      },
      "Microsoft.Graphics.Win2D": {
        "type": "Direct",
        "requested": "[1.4.0, )",
        "resolved": "1.4.0",
        "contentHash": "/04yyf3xEOxeBK+SXxGB6OYLjXBVuujcLQF04mREcRcBT59IMI+oDbXOZZG2c/mJL8kKFC8r3wqz6MyA6IP3oA==",
        "dependencies": {
          "Microsoft.WindowsAppSDK.WinUI": "1.8.260204000"
        }
      },
      "Microsoft.Windows.CsWin32": {
        "type": "Direct",
        "requested": "[0.3.275, )",
        "resolved": "0.3.275",
        "contentHash": "PzFiVQdVxDY+iTX9U2K3IPVy4uvouZLDDsfRw5G+apVAcMGEeNlIqa/XLGu9xyGgysbwTulWsvlHHL4dX9aIQw==",
        "dependencies": {
          "Microsoft.Windows.SDK.Win32Docs": "0.1.42-alpha",
          "Microsoft.Windows.SDK.Win32Metadata": "70.0.11-preview",
          "Microsoft.Windows.WDK.Win32Metadata": "0.13.25-experimental"
        }
      },
      "Microsoft.Windows.SDK.BuildTools": {
        "type": "Direct",
        "requested": "[10.0.28000.1839, )",
        "resolved": "10.0.28000.1839",
        "contentHash": "xPRyq2l8rBbKPOEymCGGN1+086KHsMpXz2bhP2Ha3Woo0tsqrnEXUO/iINJ5kqOvax78LtSReoAZi26rFqOdPg=="
      },
      "Microsoft.Windows.SDK.BuildTools.WinApp": {
        "type": "Direct",
        "requested": "[0.3.1, )",
        "resolved": "0.3.1",
        "contentHash": "QOJTNCLXq9YC04atytO1EQOkvBXqghbbAh4Gxs9BR4g7BZ8vGEqgjbclq6CTe30RPFsa2LeyNtWh+GmG5jWdsw=="
      },
      "Microsoft.WindowsAppSDK": {
        "type": "Direct",
        "requested": "[2.1.3, )",
        "resolved": "2.1.3",
        "contentHash": "46KCntcmWPS0nbV3a8iEMslpYy0W9wTsmkANrXFxDWuiAnm8jXytFNvwNVN5HfoA3d+Cxb3pO+JE2UNnB5wn7w==",
        "dependencies": {
          "Microsoft.WindowsAppSDK.AI": "2.1.10",
          "Microsoft.WindowsAppSDK.Base": "2.0.4",
          "Microsoft.WindowsAppSDK.DWrite": "2.1.0",
          "Microsoft.WindowsAppSDK.Foundation": "2.0.21",
          "Microsoft.WindowsAppSDK.InteractiveExperiences": "2.0.13",
          "Microsoft.WindowsAppSDK.ML": "2.1.1",
          "Microsoft.WindowsAppSDK.Runtime": "[2.1.3]",
          "Microsoft.WindowsAppSDK.Widgets": "2.0.5",
          "Microsoft.WindowsAppSDK.WinUI": "2.1.0"
        }
      },
      "ObservableCollections": {
        "type": "Direct",
        "requested": "[3.3.4, )",
        "resolved": "3.3.4",
        "contentHash": "QiEOwr5ejfP4z1oFx9Vs7tsejC0gkL0C5YKaTIvYYEJHM9wp7W0ZRsFW+MQJqJrKBUl3YEX//GXrvBp+3m2eOg=="
      },
      "ObservableCollections.R3": {
        "type": "Direct",
        "requested": "[3.3.4, )",
        "resolved": "3.3.4",
        "contentHash": "uT1fSAO4wmok+Fbh5JkJF9i5zbXRAO9aBvjaQoc6O78hCmg5d9PcTTQECK1GmLiBT/LW0KxIF8Ro1Jc1puprpQ==",
        "dependencies": {
          "ObservableCollections": "3.3.4",
          "R3": "1.0.0"
        }
      },
      "R3": {
        "type": "Direct",
        "requested": "[1.3.1, )",
        "resolved": "1.3.1",
        "contentHash": "HzZ2wGlkxOgpMhtTtJkBUP5xiKqeH5P9oD0Ll1JfO8mMyA75u0zwDssN/TGb1/5EIOY0Vuv07unyVtAaPmV6Tg=="
      },
      "R3Extensions.WinUI3": {
        "type": "Direct",
        "requested": "[1.3.1, )",
        "resolved": "1.3.1",
        "contentHash": "hVEsqvE9EkX2QTJSK4WbyOVVF1Z4Cyf4/FDSLmaHQOk5fhoNPLaerYrb92Ku3lAH7DfM03cj5RE66nkuGlg0/Q==",
        "dependencies": {
          "Microsoft.Bcl.TimeProvider": "8.0.0",
          "Microsoft.WindowsAppSDK": "1.4.230913002",
          "R3": "1.3.1"
        }
      },
      "System.Drawing.Common": {
        "type": "Direct",
        "requested": "[10.0.8, )",
        "resolved": "10.0.8",
        "contentHash": "LCISd6JAF80vsy9L6wuetZeOMR3FH+SwKovw5Zl0Nov9pB9ZOiCSqvOfMzooypPItQLv0mGfEePjJ1nCCQztNw==",
        "dependencies": {
          "Microsoft.Win32.SystemEvents": "10.0.8"
        }
      },
      "ZLinq": {
        "type": "Direct",
        "requested": "[1.5.6, )",
        "resolved": "1.5.6",
        "contentHash": "O2lcAZ1hC2zytrTuJV8WwpGbFURvsAApIEkmFJUKL3CFpedt1cgNVn+ZF00YyN321NL7Vz766wHxIPTzSyfUWg=="
      },
      "CommunityToolkit.Common": {
        "type": "Transitive",
        "resolved": "8.2.1",
        "contentHash": "LWuhy8cQKJ/MYcy3XafJ916U3gPH/YDvYoNGWyQWN11aiEKCZszzPOTJAOvBjP9yG8vHmIcCyPUt4L82OK47Iw=="
      },
      "CommunityToolkit.WinUI.Extensions": {
        "type": "Transitive",
        "resolved": "8.2.251219",
        "contentHash": "7ydxHF7jRl889qymGihhng4Yy5hFCxTxw+iKFM4XBo27bBAJxzr45Iu7GIZrydY5lhEgsG+xE4ZCA6HccNFxNA==",
        "dependencies": {
          "CommunityToolkit.Common": "8.2.1",
          "Microsoft.WindowsAppSDK": "1.6.250108002"
        }
      },
      "Microsoft.Bcl.TimeProvider": {
        "type": "Transitive",
        "resolved": "8.0.0",
        "contentHash": "f5Kr5JepAbiGo7uDmhgvMqhntwxqXNn6/IpTBSSI4cuHhgnJGrLxFRhMjVpRkLPp6zJXO0/G0l3j9p9zSJxa+w=="
      },
      "Microsoft.CodeAnalysis.Analyzers": {
        "type": "Transitive",
        "resolved": "5.3.0-2.25625.1",
        "contentHash": "4Yhh2fnu3G+J0J1lDc8WZVgMjgbynSeTfkl5IFJMFrmiIO0sc7Tjx+f3sFVV8Sd35PrIUWfof0RWc3lAMl7Azg=="
      },
      "Microsoft.CodeAnalysis.Common": {
        "type": "Transitive",
        "resolved": "5.3.0",
        "contentHash": "uC0qk3jzTQY7i90ehfnCqaOZpBUGJyPMiHJ3c0jOb8yaPBjWzIhVdNxPbeVzI74DB0C+YgBKPLqUkgFZzua5Mg==",
        "dependencies": {
          "Microsoft.CodeAnalysis.Analyzers": "5.3.0-2.25625.1"
        }
      },
      "Microsoft.Extensions.Configuration": {
        "type": "Transitive",
        "resolved": "10.0.8",
        "contentHash": "ehZcoPbjzWzS4XFvuz7R3V55SmpdkyMqFURLH3yXaN9NtXd9tR6CGB7pd49HYtCkenl+G7ctXSFLhNI08xLfRg==",
        "dependencies": {
          "Microsoft.Extensions.Configuration.Abstractions": "10.0.8",
          "Microsoft.Extensions.Primitives": "10.0.8"
        }
      },
      "Microsoft.Extensions.Configuration.Abstractions": {
        "type": "Transitive",
        "resolved": "10.0.8",
        "contentHash": "I63esIFbL3h5pSt7gXpXOlmcwDmYBUoYNEglKfDPFUqtYvSV84f2l28hO2lfVXsV0wdlplgAM7IVz16matapSg==",
        "dependencies": {
          "Microsoft.Extensions.Primitives": "10.0.8"
        }
      },
      "Microsoft.Extensions.Configuration.Binder": {
        "type": "Transitive",
        "resolved": "10.0.8",
        "contentHash": "R3NN1X+kVu14uoxLEW6sBSQyhogDSbaOQzILnCtuXxBN4hx22AgjWPwZX6v/suERFkEDgU1lk12AglHTrUxhlw==",
        "dependencies": {
          "Microsoft.Extensions.Configuration": "10.0.8",
          "Microsoft.Extensions.Configuration.Abstractions": "10.0.8"
        }
      },
      "Microsoft.Extensions.Configuration.CommandLine": {
        "type": "Transitive",
        "resolved": "10.0.8",
        "contentHash": "nQXq1a4MiInYh+0VF9fguxAl06q2ftmOyYQ+5e933s4rk57xjgkbTjUdFUySzjrcrvDeWsSqlZB+TE8+TbM2HA==",
        "dependencies": {
          "Microsoft.Extensions.Configuration": "10.0.8",
          "Microsoft.Extensions.Configuration.Abstractions": "10.0.8"
        }
      },
      "Microsoft.Extensions.Configuration.EnvironmentVariables": {
        "type": "Transitive",
        "resolved": "10.0.8",
        "contentHash": "bVGqctAfPGfTxJvNp8pMshtvpsUj6r6JkeiCNVIGVYO5gBxuxdN0Lbr25kEvE/zXdctkEc44g8HssnPgDnFGVA==",
        "dependencies": {
          "Microsoft.Extensions.Configuration": "10.0.8",
          "Microsoft.Extensions.Configuration.Abstractions": "10.0.8"
        }
      },
      "Microsoft.Extensions.Configuration.FileExtensions": {
        "type": "Transitive",
        "resolved": "10.0.8",
        "contentHash": "1g9mzuu8gIHkjYb0jLxOTQVl/QDG5nn0b0JzgT/gbgNKr6gXZzxOHRAsdYRc1eDApB7LdHR8uK5vQrNjIQdRrQ==",
        "dependencies": {
          "Microsoft.Extensions.Configuration": "10.0.8",
          "Microsoft.Extensions.Configuration.Abstractions": "10.0.8",
          "Microsoft.Extensions.FileProviders.Abstractions": "10.0.8",
          "Microsoft.Extensions.FileProviders.Physical": "10.0.8",
          "Microsoft.Extensions.Primitives": "10.0.8"
        }
      },
      "Microsoft.Extensions.Configuration.Json": {
        "type": "Transitive",
        "resolved": "10.0.8",
        "contentHash": "KLtAZ6A38s1pIfCO2ns6aG14NNGMYNZ4PBYfFK4M+R4A+xuSc6oklhqDcpHZxvDpyBWeFtR5C8iQBw2ng8tUHQ==",
        "dependencies": {
          "Microsoft.Extensions.Configuration": "10.0.8",
          "Microsoft.Extensions.Configuration.Abstractions": "10.0.8",
          "Microsoft.Extensions.Configuration.FileExtensions": "10.0.8",
          "Microsoft.Extensions.FileProviders.Abstractions": "10.0.8"
        }
      },
      "Microsoft.Extensions.Configuration.UserSecrets": {
        "type": "Transitive",
        "resolved": "10.0.8",
        "contentHash": "6XTfFOnf27WY8kEeZkTZ4YNn0t+imgvdQ0YaAdR4vgURKATo9bCaVJ1KB71IOJAQtJP7Elb53VHlTNXg2CtSsA==",
        "dependencies": {
          "Microsoft.Extensions.Configuration.Abstractions": "10.0.8",
          "Microsoft.Extensions.Configuration.Json": "10.0.8",
          "Microsoft.Extensions.FileProviders.Abstractions": "10.0.8",
          "Microsoft.Extensions.FileProviders.Physical": "10.0.8"
        }
      },
      "Microsoft.Extensions.DependencyInjection": {
        "type": "Transitive",
        "resolved": "10.0.8",
        "contentHash": "daf62xHIrq8pnE709hgaZZN9tSam9TGGepWe1+bE6V3GEuVwJiMs6ib+38lfMCyAJAHiX0vapxBhsuMSV7U+cg==",
        "dependencies": {
          "Microsoft.Extensions.DependencyInjection.Abstractions": "10.0.8"
        }
      },
      "Microsoft.Extensions.DependencyInjection.Abstractions": {
        "type": "Transitive",
        "resolved": "10.0.8",
        "contentHash": "21nbDV60SRPWGIivsyl6lqBeEJNG1sginhhfWgRrr3Ais7aQ12To25OAHQxgoiJkjqy1aQ6RxpZBGYuTi7Ge6A=="
      },
      "Microsoft.Extensions.Diagnostics": {
        "type": "Transitive",
        "resolved": "10.0.8",
        "contentHash": "uduyw9d3Fi+sbredO5drA1S44AQS2FRNFyn72UmB2vmQIO1qaXprpp1U/2lYhYi8yFdVERfY9sy/pxw/qPOU9w==",
        "dependencies": {
          "Microsoft.Extensions.Configuration": "10.0.8",
          "Microsoft.Extensions.Diagnostics.Abstractions": "10.0.8",
          "Microsoft.Extensions.Options.ConfigurationExtensions": "10.0.8"
        }
      },
      "Microsoft.Extensions.Diagnostics.Abstractions": {
        "type": "Transitive",
        "resolved": "10.0.8",
        "contentHash": "+f4C5g78QCGNyxzUfrTYsB7qYx06Zca0e88s3qFlea9/lQhgPImYdNprlgzl1uHhRU3fVHLfmbijayU2sJEZ6w==",
        "dependencies": {
          "Microsoft.Extensions.DependencyInjection.Abstractions": "10.0.8",
          "Microsoft.Extensions.Options": "10.0.8"
        }
      },
      "Microsoft.Extensions.FileProviders.Abstractions": {
        "type": "Transitive",
        "resolved": "10.0.8",
        "contentHash": "U+oquaPxFdY8lYeEIWO/AD7jDIl9sPW6aVWMQRHU/pZ/SWpLcOrAj2fcLe1HwXl4sYw1ONI56K/eELT3xr4RRQ==",
        "dependencies": {
          "Microsoft.Extensions.Primitives": "10.0.8"
        }
      },
      "Microsoft.Extensions.FileProviders.Physical": {
        "type": "Transitive",
        "resolved": "10.0.8",
        "contentHash": "GkPvQe6IdidLu6Q3Lw6+B8NJpW8feW8czZ5mBKt5rXM/x8MvZfEp5WvAsjznzDGd23chIDrW0b2mmt+ScnEgiw==",
        "dependencies": {
          "Microsoft.Extensions.FileProviders.Abstractions": "10.0.8",
          "Microsoft.Extensions.FileSystemGlobbing": "10.0.8",
          "Microsoft.Extensions.Primitives": "10.0.8"
        }
      },
      "Microsoft.Extensions.FileSystemGlobbing": {
        "type": "Transitive",
        "resolved": "10.0.8",
        "contentHash": "IUQet3SY51xIFcFZKtAB6a54/Zdxs7T3SQ84kJtOD6yeXfZgiOMksACWD5qtTmXGQGFH4QYGBOT0KIO8Uy/dJw=="
      },
      "Microsoft.Extensions.Hosting.Abstractions": {
        "type": "Transitive",
        "resolved": "10.0.8",
        "contentHash": "MoOWFPT88/pDfmWpbU9PydKRX/rJFQkliowE/L9wbQcl94IicUphb5BFgepkWiDkYYxPnuEqjN4buzOGW4vJpQ==",
        "dependencies": {
          "Microsoft.Extensions.Configuration.Abstractions": "10.0.8",
          "Microsoft.Extensions.DependencyInjection.Abstractions": "10.0.8",
          "Microsoft.Extensions.Diagnostics.Abstractions": "10.0.8",
          "Microsoft.Extensions.FileProviders.Abstractions": "10.0.8",
          "Microsoft.Extensions.Logging.Abstractions": "10.0.8"
        }
      },
      "Microsoft.Extensions.Logging": {
        "type": "Transitive",
        "resolved": "10.0.8",
        "contentHash": "K60JhWC2hN/Gi7TP68tBxSzk5ACWOs7lkmPzsfA8Bcf/IXTajujt2ORMf9rSMk1bsng6Lv4Y3fuxp3bm1+15ug==",
        "dependencies": {
          "Microsoft.Extensions.DependencyInjection": "10.0.8",
          "Microsoft.Extensions.Logging.Abstractions": "10.0.8",
          "Microsoft.Extensions.Options": "10.0.8"
        }
      },
      "Microsoft.Extensions.Logging.Abstractions": {
        "type": "Transitive",
        "resolved": "10.0.8",
        "contentHash": "fdVadZmsC8jRP0KvKy8mO8f6GV/HyBvElfcSxEhd+5FM5boAw/01iSaCto5G3G37ApJira4A3pNaVvBv8cUiLQ==",
        "dependencies": {
          "Microsoft.Extensions.DependencyInjection.Abstractions": "10.0.8"
        }
      },
      "Microsoft.Extensions.Logging.Configuration": {
        "type": "Transitive",
        "resolved": "10.0.8",
        "contentHash": "rxSLTO7xTbcC3DuEJHNEijBr8g14Jj62zQ+DeFu68bsoTYoU8jLcMhc1735PV21bESXsATlL5LsfaWH71FOWAg==",
        "dependencies": {
          "Microsoft.Extensions.Configuration": "10.0.8",
          "Microsoft.Extensions.Configuration.Abstractions": "10.0.8",
          "Microsoft.Extensions.Configuration.Binder": "10.0.8",
          "Microsoft.Extensions.DependencyInjection.Abstractions": "10.0.8",
          "Microsoft.Extensions.Logging": "10.0.8",
          "Microsoft.Extensions.Logging.Abstractions": "10.0.8",
          "Microsoft.Extensions.Options": "10.0.8",
          "Microsoft.Extensions.Options.ConfigurationExtensions": "10.0.8"
        }
      },
      "Microsoft.Extensions.Logging.Console": {
        "type": "Transitive",
        "resolved": "10.0.8",
        "contentHash": "6cv53sHsPnFS56PJw8X4GbNcjeX1KGyFJRxJWvxOgK63cnqeSB1k1eRwjUdkse0tBhwlH6qc9EOYDlan+CYTuw==",
        "dependencies": {
          "Microsoft.Extensions.DependencyInjection.Abstractions": "10.0.8",
          "Microsoft.Extensions.Logging": "10.0.8",
          "Microsoft.Extensions.Logging.Abstractions": "10.0.8",
          "Microsoft.Extensions.Logging.Configuration": "10.0.8",
          "Microsoft.Extensions.Options": "10.0.8"
        }
      },
      "Microsoft.Extensions.Logging.Debug": {
        "type": "Transitive",
        "resolved": "10.0.8",
        "contentHash": "4HW3M1lGHHDwEYcDZHRNptBQ48LCI2yW+XV4vuxdfQUqafTpVT8j9RqAsez08krZKhIiaArWu8iQq5uRKZ9Ffg==",
        "dependencies": {
          "Microsoft.Extensions.DependencyInjection.Abstractions": "10.0.8",
          "Microsoft.Extensions.Logging": "10.0.8",
          "Microsoft.Extensions.Logging.Abstractions": "10.0.8"
        }
      },
      "Microsoft.Extensions.Logging.EventLog": {
        "type": "Transitive",
        "resolved": "10.0.8",
        "contentHash": "kK/C3SLIoGrcZvddYQw4eMm6YaROiSYBO7YgUR5Hdv5l+GIjBmbvQK5cST2FqjeubiAOPqFEimBT2N/8wVI+3A==",
        "dependencies": {
          "Microsoft.Extensions.DependencyInjection.Abstractions": "10.0.8",
          "Microsoft.Extensions.Logging": "10.0.8",
          "Microsoft.Extensions.Logging.Abstractions": "10.0.8",
          "Microsoft.Extensions.Options": "10.0.8",
          "System.Diagnostics.EventLog": "10.0.8"
        }
      },
      "Microsoft.Extensions.Logging.EventSource": {
        "type": "Transitive",
        "resolved": "10.0.8",
        "contentHash": "HX2M0MgzwQM8jpLe3AYAEMd0YsUfOP5RgGrDuk+Ki9n7HSuMbvLm9TEV3qRI3Pg9aqxc56GfgK/KdMRBhfWwKw==",
        "dependencies": {
          "Microsoft.Extensions.DependencyInjection.Abstractions": "10.0.8",
          "Microsoft.Extensions.Logging": "10.0.8",
          "Microsoft.Extensions.Logging.Abstractions": "10.0.8",
          "Microsoft.Extensions.Options": "10.0.8",
          "Microsoft.Extensions.Primitives": "10.0.8"
        }
      },
      "Microsoft.Extensions.Options": {
        "type": "Transitive",
        "resolved": "10.0.8",
        "contentHash": "VBD+131DpTNCNDfA4kIyKTiCySvJGNhwibdWBSdFRu7GMfXLXcXODkgA+KStKbbhzraLglZWUN4nXyHgW4JIRA==",
        "dependencies": {
          "Microsoft.Extensions.DependencyInjection.Abstractions": "10.0.8",
          "Microsoft.Extensions.Primitives": "10.0.8"
        }
      },
      "Microsoft.Extensions.Options.ConfigurationExtensions": {
        "type": "Transitive",
        "resolved": "10.0.8",
        "contentHash": "VOapXeO3lhBH0zYoyAH7tjapuo4V5pTHlevPpiSHueEquAajqd5nF0mttm+h/uE/exwAEuM5s26SzOJtletE3w==",
        "dependencies": {
          "Microsoft.Extensions.Configuration.Abstractions": "10.0.8",
          "Microsoft.Extensions.Configuration.Binder": "10.0.8",
          "Microsoft.Extensions.DependencyInjection.Abstractions": "10.0.8",
          "Microsoft.Extensions.Options": "10.0.8",
          "Microsoft.Extensions.Primitives": "10.0.8"
        }
      },
      "Microsoft.Extensions.Primitives": {
        "type": "Transitive",
        "resolved": "10.0.8",
        "contentHash": "OBPo4nYhMyIbtueoC10CBm6AGAbo/A9IV8QQ/6ryZS7VvmqpGT7hunazeHLxFawRzn3oLOq4jhqhpBX4tfswWQ=="
      },
      "Microsoft.Web.WebView2": {
        "type": "Transitive",
        "resolved": "1.0.3719.77",
        "contentHash": "t+ucyKw5NTwMjsUrDF6R9Lk40lpcKQD1/HgyGFxl49tdA4h9dKlsj6FYGEmDRpFNfnTpENuTypMcdbrlkqBdDA=="
      },
      "Microsoft.Win32.SystemEvents": {
        "type": "Transitive",
        "resolved": "10.0.8",
        "contentHash": "J9+VT0lkrA7wW38CGxO2sZd+iH9C0qzioMi/2ztpT32WOVr+04uNqFIrxisTRf+mvtXLtdqcio1AoS0vfAVLLQ=="
      },
      "Microsoft.Windows.AI.MachineLearning": {
        "type": "Transitive",
        "resolved": "2.1.1",
        "contentHash": "A5BbYPLVrcaRJvpwx0nv7aMDOMqR20qaw9EaLcUe9pkSArzKoSk6cilRsSioU+eRa9+HahidBZTegawdswKqIQ==",
        "dependencies": {
          "System.Numerics.Tensors": "9.0.0"
        }
      },
      "Microsoft.Windows.SDK.BuildTools.MSIX": {
        "type": "Transitive",
        "resolved": "1.7.251221100",
        "contentHash": "f4aIZJ0NUth2403oxrpR+9rxVzZVI6dabqB21u8ncnk8eJAKCs9m77E4iYAnvP1YwrRe4axz3f8+yUcttNSfEA=="
      },
      "Microsoft.Windows.SDK.Win32Docs": {
        "type": "Transitive",
        "resolved": "0.1.42-alpha",
        "contentHash": "Z/9po23gUA9aoukirh2ItMU2ZS9++Js9Gdds9fu5yuMojDrmArvY2y+tq9985tR3cxFxpZO1O35Wjfo0khj5HA=="
      },
      "Microsoft.Windows.SDK.Win32Metadata": {
        "type": "Transitive",
        "resolved": "70.0.11-preview",
        "contentHash": "i8Dv2KCKzH8MQAsgLeUa5zFGyQOoz+TlvnbkFUkjsUtqhj4oguVj9rDpVACs5fLayZbwItOSllf+bhwr+z2yeg=="
      },
      "Microsoft.Windows.WDK.Win32Metadata": {
        "type": "Transitive",
        "resolved": "0.13.25-experimental",
        "contentHash": "IM50tb/+UIwBr9FMr6ZKcZjCMW+Axo6NjGqKxgjUfyCY8dRnYUfrJEXxAaXoWtYP4X8EmASmC1Jtwh4XucseZg==",
        "dependencies": {
          "Microsoft.Windows.SDK.Win32Metadata": "63.0.31-preview"
        }
      },
      "Microsoft.WindowsAppSDK.AI": {
        "type": "Transitive",
        "resolved": "2.1.10",
        "contentHash": "4rOxfQbOZkdGK/wzajqyXZeCl9WW1qdtb63hTBFEA7pZ14iyF3iV64VNg6KOXuRRUL64/wyHHsiBwLlvFSFgcw==",
        "dependencies": {
          "Microsoft.WindowsAppSDK.Base": "2.0.4",
          "Microsoft.WindowsAppSDK.Foundation": "2.0.21"
        }
      },
      "Microsoft.WindowsAppSDK.Base": {
        "type": "Transitive",
        "resolved": "2.0.4",
        "contentHash": "QXSy2llX2/Bx9dYWGUEsb10F40q94ZiDnPMzqa2/qRmTG4y9EXxGp6uHITb7c0b4FCa+6KFBlgh6D53M0QEMEg==",
        "dependencies": {
          "Microsoft.Windows.SDK.BuildTools": "10.0.26100.4654",
          "Microsoft.Windows.SDK.BuildTools.MSIX": "1.7.251221100"
        }
      },
      "Microsoft.WindowsAppSDK.DWrite": {
        "type": "Transitive",
        "resolved": "2.1.0",
        "contentHash": "dgix7NSeo7Z8SZPyrsOqYm/6OUvBveHCiVyorYecmtDYoZW26dJ6/i9yveIxgWvmFpgfKXPeIuQBCvhbetHiYg==",
        "dependencies": {
          "Microsoft.WindowsAppSDK.Base": "2.0.3"
        }
      },
      "Microsoft.WindowsAppSDK.Foundation": {
        "type": "Transitive",
        "resolved": "2.0.21",
        "contentHash": "Wzr4c9dSXXcNQw67wVmy+32FXW6+TLyrQHD5eZXAjNydMsLRMZjUXzD1qQgBg1bdgzjlkYnOyYqoXbOL6lfqkw==",
        "dependencies": {
          "Microsoft.WindowsAppSDK.Base": "2.0.4",
          "Microsoft.WindowsAppSDK.InteractiveExperiences": "2.0.13"
        }
      },
      "Microsoft.WindowsAppSDK.InteractiveExperiences": {
        "type": "Transitive",
        "resolved": "2.0.13",
        "contentHash": "jxzb2F0thCzUhxX3EMthKyxMaWINGSAf1/uMfS3pyCODCzHoR39LUQE22DZDAmMJEM4pebCnIj2PYRQjSuy65Q==",
        "dependencies": {
          "Microsoft.WindowsAppSDK.Base": "2.0.3"
        }
      },
      "Microsoft.WindowsAppSDK.ML": {
        "type": "Transitive",
        "resolved": "2.1.1",
        "contentHash": "q+luYBGlPdzMwhOsZCUmWbIZMvmc0pn5+nBvrKyQzvd/mC2+YBEaqfN2/zkfkFKsmJUuPvnG73RouAP/1oKPaA==",
        "dependencies": {
          "Microsoft.Windows.AI.MachineLearning": "[2.1.1, 3.0.0)",
          "Microsoft.WindowsAppSDK.Base": "2.0.4",
          "Microsoft.WindowsAppSDK.Foundation": "2.0.21"
        }
      },
      "Microsoft.WindowsAppSDK.Runtime": {
        "type": "Transitive",
        "resolved": "2.1.3",
        "contentHash": "dbddzTTnePoiFEw2h9QeGxJ8jyFtx7OEMIt053vjd/FQU4hzdnK9/LGPF5cwCkCD8gLvrXqyfR8AhCjz5Ni9sQ==",
        "dependencies": {
          "Microsoft.WindowsAppSDK.Base": "2.0.4"
        }
      },
      "Microsoft.WindowsAppSDK.Widgets": {
        "type": "Transitive",
        "resolved": "2.0.5",
        "contentHash": "lRz+8+QU65gV8hRzLVE+GRsPKZ42lnzqkmsw96HzQd/DuFYfr4JYpUU7ZZ5YrkV2EfQe4BCmoRKAeZ3WwalMcg==",
        "dependencies": {
          "Microsoft.WindowsAppSDK.Base": "2.0.3"
        }
      },
      "Microsoft.WindowsAppSDK.WinUI": {
        "type": "Transitive",
        "resolved": "2.1.0",
        "contentHash": "HXFdlOESmUM7RPPWO5z4lpJX7zIPhDDPngfEP1itAUG/1SWFWKxYdEpt6nciMGITj92OpSK70R8/h06j5tfhIg==",
        "dependencies": {
          "Microsoft.Web.WebView2": "1.0.3719.77",
          "Microsoft.WindowsAppSDK.Base": "2.0.4",
          "Microsoft.WindowsAppSDK.Foundation": "2.0.21",
          "Microsoft.WindowsAppSDK.InteractiveExperiences": "2.0.13"
        }
      },
      "Microsoft.Xaml.Behaviors.WinUI.Managed": {
        "type": "Transitive",
        "resolved": "3.0.0",
        "contentHash": "IoeGOYbOvhnNlzYs79z2TB1EFVldlQKJHH1gjUMtrViu+MJZfnkyNeCiK1IBVo8zP86VuFPZ4Yg6Vm4mYJ8tGA==",
        "dependencies": {
          "Microsoft.WindowsAppSDK": "1.6.250108002"
        }
      },
      "System.Diagnostics.EventLog": {
        "type": "Transitive",
        "resolved": "10.0.8",
        "contentHash": "+Ro7WgIom+BDNH+YhTuZKL6QJ0ctfOpTyfUG/h3aU5KwXt3OaNf0wYWrTvoBUj+34Dy5V8dN9yCco1hAJQ4txw=="
      },
      "System.Numerics.Tensors": {
        "type": "Transitive",
        "resolved": "9.0.0",
        "contentHash": "hyJB4UlpAi19Xr9AXzu2NuagKC4lPfHObNMEAA0HmqFz2rX7wKgzeYzO/jM/eBHDhnUGFFEjk5cOoJaxqg5J4A=="
      },
      "CommunityToolkit.WinUI.Animations": {
        "type": "CentralTransitive",
        "requested": "[8.2.251219, )",
        "resolved": "8.2.251219",
        "contentHash": "EHSppVx23OqAMq/biy5rffq+9q0sOQ/tOUzOnaLwH4sc3Be+kZw0s8qG8KN7P0tCm48IFtxoaQ+HF1LC0IZSGA==",
        "dependencies": {
          "CommunityToolkit.WinUI.Extensions": "8.2.251219",
          "Microsoft.WindowsAppSDK": "1.6.250108002"
        }
      },
      "CommunityToolkit.WinUI.Helpers": {
        "type": "CentralTransitive",
        "requested": "[8.2.251219, )",
        "resolved": "8.2.251219",
        "contentHash": "Ksyd6yoItNnZSae3901n04pwM81h34kHPrR+pGYd5OxBAR7NVksFJBi1r2xcJV1Rg/bg+40blHJsZk85KgF/cw==",
        "dependencies": {
          "CommunityToolkit.WinUI.Extensions": "8.2.251219",
          "Microsoft.WindowsAppSDK": "1.6.250108002"
        }
      }
    },
    "net10.0-windows10.0.19041/win-arm64": {
      "Microsoft.Graphics.Win2D": {
        "type": "Direct",
        "requested": "[1.4.0, )",
        "resolved": "1.4.0",
        "contentHash": "/04yyf3xEOxeBK+SXxGB6OYLjXBVuujcLQF04mREcRcBT59IMI+oDbXOZZG2c/mJL8kKFC8r3wqz6MyA6IP3oA==",
        "dependencies": {
          "Microsoft.WindowsAppSDK.WinUI": "1.8.260204000"
        }
      },
      "Microsoft.Web.WebView2": {
        "type": "Transitive",
        "resolved": "1.0.3719.77",
        "contentHash": "t+ucyKw5NTwMjsUrDF6R9Lk40lpcKQD1/HgyGFxl49tdA4h9dKlsj6FYGEmDRpFNfnTpENuTypMcdbrlkqBdDA=="
      },
      "Microsoft.Win32.SystemEvents": {
        "type": "Transitive",
        "resolved": "10.0.8",
        "contentHash": "J9+VT0lkrA7wW38CGxO2sZd+iH9C0qzioMi/2ztpT32WOVr+04uNqFIrxisTRf+mvtXLtdqcio1AoS0vfAVLLQ=="
      },
      "Microsoft.Windows.AI.MachineLearning": {
        "type": "Transitive",
        "resolved": "2.1.1",
        "contentHash": "A5BbYPLVrcaRJvpwx0nv7aMDOMqR20qaw9EaLcUe9pkSArzKoSk6cilRsSioU+eRa9+HahidBZTegawdswKqIQ==",
        "dependencies": {
          "System.Numerics.Tensors": "9.0.0"
        }
      },
      "Microsoft.WindowsAppSDK.Foundation": {
        "type": "Transitive",
        "resolved": "2.0.21",
        "contentHash": "Wzr4c9dSXXcNQw67wVmy+32FXW6+TLyrQHD5eZXAjNydMsLRMZjUXzD1qQgBg1bdgzjlkYnOyYqoXbOL6lfqkw==",
        "dependencies": {
          "Microsoft.WindowsAppSDK.Base": "2.0.4",
          "Microsoft.WindowsAppSDK.InteractiveExperiences": "2.0.13"
        }
      },
      "System.Diagnostics.EventLog": {
        "type": "Transitive",
        "resolved": "10.0.8",
        "contentHash": "+Ro7WgIom+BDNH+YhTuZKL6QJ0ctfOpTyfUG/h3aU5KwXt3OaNf0wYWrTvoBUj+34Dy5V8dN9yCco1hAJQ4txw=="
      }
    },
    "net10.0-windows10.0.19041/win-x64": {
      "Microsoft.Graphics.Win2D": {
        "type": "Direct",
        "requested": "[1.4.0, )",
        "resolved": "1.4.0",
        "contentHash": "/04yyf3xEOxeBK+SXxGB6OYLjXBVuujcLQF04mREcRcBT59IMI+oDbXOZZG2c/mJL8kKFC8r3wqz6MyA6IP3oA==",
        "dependencies": {
          "Microsoft.WindowsAppSDK.WinUI": "1.8.260204000"
        }
      },
      "Microsoft.Web.WebView2": {
        "type": "Transitive",
        "resolved": "1.0.3719.77",
        "contentHash": "t+ucyKw5NTwMjsUrDF6R9Lk40lpcKQD1/HgyGFxl49tdA4h9dKlsj6FYGEmDRpFNfnTpENuTypMcdbrlkqBdDA=="
      },
      "Microsoft.Win32.SystemEvents": {
        "type": "Transitive",
        "resolved": "10.0.8",
        "contentHash": "J9+VT0lkrA7wW38CGxO2sZd+iH9C0qzioMi/2ztpT32WOVr+04uNqFIrxisTRf+mvtXLtdqcio1AoS0vfAVLLQ=="
      },
      "Microsoft.Windows.AI.MachineLearning": {
        "type": "Transitive",
        "resolved": "2.1.1",
        "contentHash": "A5BbYPLVrcaRJvpwx0nv7aMDOMqR20qaw9EaLcUe9pkSArzKoSk6cilRsSioU+eRa9+HahidBZTegawdswKqIQ==",
        "dependencies": {
          "System.Numerics.Tensors": "9.0.0"
        }
      },
      "Microsoft.WindowsAppSDK.Foundation": {
        "type": "Transitive",
        "resolved": "2.0.21",
        "contentHash": "Wzr4c9dSXXcNQw67wVmy+32FXW6+TLyrQHD5eZXAjNydMsLRMZjUXzD1qQgBg1bdgzjlkYnOyYqoXbOL6lfqkw==",
        "dependencies": {
          "Microsoft.WindowsAppSDK.Base": "2.0.4",
          "Microsoft.WindowsAppSDK.InteractiveExperiences": "2.0.13"
        }
      },
      "System.Diagnostics.EventLog": {
        "type": "Transitive",
        "resolved": "10.0.8",
        "contentHash": "+Ro7WgIom+BDNH+YhTuZKL6QJ0ctfOpTyfUG/h3aU5KwXt3OaNf0wYWrTvoBUj+34Dy5V8dN9yCco1hAJQ4txw=="
      }
    },
    "net10.0-windows10.0.19041/win-x86": {
      "Microsoft.Graphics.Win2D": {
        "type": "Direct",
        "requested": "[1.4.0, )",
        "resolved": "1.4.0",
        "contentHash": "/04yyf3xEOxeBK+SXxGB6OYLjXBVuujcLQF04mREcRcBT59IMI+oDbXOZZG2c/mJL8kKFC8r3wqz6MyA6IP3oA==",
        "dependencies": {
          "Microsoft.WindowsAppSDK.WinUI": "1.8.260204000"
        }
      },
      "Microsoft.Web.WebView2": {
        "type": "Transitive",
        "resolved": "1.0.3719.77",
        "contentHash": "t+ucyKw5NTwMjsUrDF6R9Lk40lpcKQD1/HgyGFxl49tdA4h9dKlsj6FYGEmDRpFNfnTpENuTypMcdbrlkqBdDA=="
      },
      "Microsoft.Win32.SystemEvents": {
        "type": "Transitive",
        "resolved": "10.0.8",
        "contentHash": "J9+VT0lkrA7wW38CGxO2sZd+iH9C0qzioMi/2ztpT32WOVr+04uNqFIrxisTRf+mvtXLtdqcio1AoS0vfAVLLQ=="
      },
      "Microsoft.Windows.AI.MachineLearning": {
        "type": "Transitive",
        "resolved": "2.1.1",
        "contentHash": "A5BbYPLVrcaRJvpwx0nv7aMDOMqR20qaw9EaLcUe9pkSArzKoSk6cilRsSioU+eRa9+HahidBZTegawdswKqIQ==",
        "dependencies": {
          "System.Numerics.Tensors": "9.0.0"
        }
      },
      "Microsoft.WindowsAppSDK.Foundation": {
        "type": "Transitive",
        "resolved": "2.0.21",
        "contentHash": "Wzr4c9dSXXcNQw67wVmy+32FXW6+TLyrQHD5eZXAjNydMsLRMZjUXzD1qQgBg1bdgzjlkYnOyYqoXbOL6lfqkw==",
        "dependencies": {
          "Microsoft.WindowsAppSDK.Base": "2.0.4",
          "Microsoft.WindowsAppSDK.InteractiveExperiences": "2.0.13"
        }
      },
      "System.Diagnostics.EventLog": {
        "type": "Transitive",
        "resolved": "10.0.8",
        "contentHash": "+Ro7WgIom+BDNH+YhTuZKL6QJ0ctfOpTyfUG/h3aU5KwXt3OaNf0wYWrTvoBUj+34Dy5V8dN9yCco1hAJQ4txw=="
      }
    }
  }
}